<Solution>
  <Folder Name="/src/">
    <Project Path="src/Saasy.Api/Saasy.Api.csproj" />
    <Project Path="src/Saasy.AppHost/Saasy.AppHost.csproj" />
    <Project Path="src/Saasy.ServiceDefaults/Saasy.ServiceDefaults.csproj" />
    <Project Path="src/Saasy.SharedKernel.Domain/Saasy.SharedKernel.Domain.csproj" />
    <Project Path="src/Saasy.Tenancy.Application/Saasy.Tenancy.Application.csproj" />
    <Project Path="src/Saasy.Tenancy.Domain/Saasy.Tenancy.Domain.csproj" />
    <Project Path="src/Saasy.Tenancy.Infrastructure/Saasy.Tenancy.Infrastructure.csproj" />
    <Project Path="src/Saasy.Worker/Saasy.Worker.csproj" />
  </Folder>
  <Folder Name="/tests/">
    <Project Path="tests/Saasy.SharedKernel.Domain.PropertyTests/Saasy.SharedKernel.Domain.PropertyTests.csproj" />
    <Project Path="tests/Saasy.SharedKernel.Domain.Tests/Saasy.SharedKernel.Domain.Tests.csproj" />
    <Project Path="tests/Saasy.Tenancy.Application.Tests/Saasy.Tenancy.Application.Tests.csproj" />
    <Project Path="tests/Saasy.Tenancy.Domain.PropertyTests/Saasy.Tenancy.Domain.PropertyTests.csproj" />
    <Project Path="tests/Saasy.Tenancy.Domain.Tests/Saasy.Tenancy.Domain.Tests.csproj" />
  </Folder>
</Solution>
